
Microsoft Visual Studio Solution File, Format Version 12.00
# Visual Studio 15
Project("{FAE04EC0-301F-11D3-BF4B-00C04F79EFBC}") = "Assembly-CSharp", "Assembly-CSharp.csproj", "{16F6636B-5C1F-57AC-8709-42565E43467D}"
EndProject
Project("{FAE04EC0-301F-11D3-BF4B-00C04F79EFBC}") = "Assembly-CSharp-Editor", "Assembly-CSharp-Editor.csproj", "{756ACFCB-463B-6CAE-FD5F-BF4BF426587E}"
EndProject
Global
	GlobalSection(SolutionConfigurationPlatforms) = preSolution
		Debug|Any CPU = Debug|Any CPU
		Release|Any CPU = Release|Any CPU
	EndGlobalSection
	GlobalSection(ProjectConfigurationPlatforms) = postSolution
		{16F6636B-5C1F-57AC-8709-42565E43467D}.Debug|Any CPU.ActiveCfg = Debug|Any CPU
		{16F6636B-5C1F-57AC-8709-42565E43467D}.Debug|Any CPU.Build.0 = Debug|Any CPU
		{16F6636B-5C1F-57AC-8709-42565E43467D}.Release|Any CPU.ActiveCfg = Release|Any CPU
		{16F6636B-5C1F-57AC-8709-42565E43467D}.Release|Any CPU.Build.0 = Release|Any CPU
		{756ACFCB-463B-6CAE-FD5F-BF4BF426587E}.Debug|Any CPU.ActiveCfg = Debug|Any CPU
		{756ACFCB-463B-6CAE-FD5F-BF4BF426587E}.Debug|Any CPU.Build.0 = Debug|Any CPU
		{756ACFCB-463B-6CAE-FD5F-BF4BF426587E}.Release|Any CPU.ActiveCfg = Release|Any CPU
		{756ACFCB-463B-6CAE-FD5F-BF4BF426587E}.Release|Any CPU.Build.0 = Release|Any CPU
	EndGlobalSection
	GlobalSection(SolutionProperties) = preSolution
		HideSolutionNode = FALSE
	EndGlobalSection
EndGlobal
